// !$*UTF8*$!
{
	archiveVersion = 1;
	classes = {
	};
	objectVersion = 46;
	objects = {

/* Begin PBXBuildFile section */
		3D0CC7801902F5A800261DE4 /* EmployeeDetails.m in Sources */ = {isa = PBXBuildFile; fileRef = 3D0CC77F1902F5A800261DE4 /* EmployeeDetails.m */; };
		3D0CC7831902F7D000261DE4 /* JSCustomCell.m in Sources */ = {isa = PBXBuildFile; fileRef = 3D0CC7821902F7D000261DE4 /* JSCustomCell.m */; };
		3D1B9E0218CB7BC800E89028 /* Foundation.framework in Frameworks */ = {isa = PBXBuildFile; fileRef = 3D1B9E0118CB7BC800E89028 /* Foundation.framework */; };
		3D1B9E0418CB7BC800E89028 /* CoreGraphics.framework in Frameworks */ = {isa = PBXBuildFile; fileRef = 3D1B9E0318CB7BC800E89028 /* CoreGraphics.framework */; };
		3D1B9E0618CB7BC800E89028 /* UIKit.framework in Frameworks */ = {isa = PBXBuildFile; fileRef = 3D1B9E0518CB7BC800E89028 /* UIKit.framework */; };
		3D1B9E0C18CB7BC800E89028 /* InfoPlist.strings in Resources */ = {isa = PBXBuildFile; fileRef = 3D1B9E0A18CB7BC800E89028 /* InfoPlist.strings */; };
		3D1B9E0E18CB7BC800E89028 /* main.m in Sources */ = {isa = PBXBuildFile; fileRef = 3D1B9E0D18CB7BC800E89028 /* main.m */; };
		3D1B9E1218CB7BC800E89028 /* AppDelegate.m in Sources */ = {isa = PBXBuildFile; fileRef = 3D1B9E1118CB7BC800E89028 /* AppDelegate.m */; };
		3D1B9E1518CB7BC800E89028 /* Main.storyboard in Resources */ = {isa = PBXBuildFile; fileRef = 3D1B9E1318CB7BC800E89028 /* Main.storyboard */; };
		3D1B9E1818CB7BC800E89028 /* ViewController.m in Sources */ = {isa = PBXBuildFile; fileRef = 3D1B9E1718CB7BC800E89028 /* ViewController.m */; };
		3D1B9E1A18CB7BC800E89028 /* Images.xcassets in Resources */ = {isa = PBXBuildFile; fileRef = 3D1B9E1918CB7BC800E89028 /* Images.xcassets */; };
		3D1B9E2118CB7BC800E89028 /* XCTest.framework in Frameworks */ = {isa = PBXBuildFile; fileRef = 3D1B9E2018CB7BC800E89028 /* XCTest.framework */; };
		3D1B9E2218CB7BC800E89028 /* Foundation.framework in Frameworks */ = {isa = PBXBuildFile; fileRef = 3D1B9E0118CB7BC800E89028 /* Foundation.framework */; };
		3D1B9E2318CB7BC800E89028 /* UIKit.framework in Frameworks */ = {isa = PBXBuildFile; fileRef = 3D1B9E0518CB7BC800E89028 /* UIKit.framework */; };
		3D1B9E2B18CB7BC800E89028 /* InfoPlist.strings in Resources */ = {isa = PBXBuildFile; fileRef = 3D1B9E2918CB7BC800E89028 /* InfoPlist.strings */; };
		3D1B9E2D18CB7BC800E89028 /* EmployeeOrgTests.m in Sources */ = {isa = PBXBuildFile; fileRef = 3D1B9E2C18CB7BC800E89028 /* EmployeeOrgTests.m */; };
		3D1B9E4918CB8D8700E89028 /* SplashScreen.m in Sources */ = {isa = PBXBuildFile; fileRef = 3D1B9E4518CB8D8700E89028 /* SplashScreen.m */; };
		3D1B9E4F18CB8DC400E89028 /* HttpRequest.m in Sources */ = {isa = PBXBuildFile; fileRef = 3D1B9E4C18CB8DC400E89028 /* HttpRequest.m */; };
		3D1B9E5018CB8DC400E89028 /* HttpConnectionManager.m in Sources */ = {isa = PBXBuildFile; fileRef = 3D1B9E4E18CB8DC400E89028 /* HttpConnectionManager.m */; };
		3D1B9E5318CB8DCF00E89028 /* EmployeeMediator.m in Sources */ = {isa = PBXBuildFile; fileRef = 3D1B9E5218CB8DCF00E89028 /* EmployeeMediator.m */; };
		3D1B9E5618CD3EB800E89028 /* EmployeeList.m in Sources */ = {isa = PBXBuildFile; fileRef = 3D1B9E5518CD3EB800E89028 /* EmployeeList.m */; };
		3D1B9E5A18CD4B0700E89028 /* Employee.m in Sources */ = {isa = PBXBuildFile; fileRef = 3D1B9E5918CD4B0700E89028 /* Employee.m */; };
		3D1B9E5D18D2985A00E89028 /* contact.jpeg in Resources */ = {isa = PBXBuildFile; fileRef = 3D1B9E5C18D2985A00E89028 /* contact.jpeg */; };
/* End PBXBuildFile section */

/* Begin PBXContainerItemProxy section */
		3D1B9E2418CB7BC800E89028 /* PBXContainerItemProxy */ = {
			isa = PBXContainerItemProxy;
			containerPortal = 3D1B9DF618CB7BC800E89028 /* Project object */;
			proxyType = 1;
			remoteGlobalIDString = 3D1B9DFD18CB7BC800E89028;
			remoteInfo = EmployeeOrg;
		};
/* End PBXContainerItemProxy section */

/* Begin PBXFileReference section */
		3D0CC77E1902F5A800261DE4 /* EmployeeDetails.h */ = {isa = PBXFileReference; fileEncoding = 4; lastKnownFileType = sourcecode.c.h; path = EmployeeDetails.h; sourceTree = "<group>"; };
		3D0CC77F1902F5A800261DE4 /* EmployeeDetails.m */ = {isa = PBXFileReference; fileEncoding = 4; lastKnownFileType = sourcecode.c.objc; path = EmployeeDetails.m; sourceTree = "<group>"; };
		3D0CC7811902F7D000261DE4 /* JSCustomCell.h */ = {isa = PBXFileReference; fileEncoding = 4; lastKnownFileType = sourcecode.c.h; path = JSCustomCell.h; sourceTree = "<group>"; };
		3D0CC7821902F7D000261DE4 /* JSCustomCell.m */ = {isa = PBXFileReference; fileEncoding = 4; lastKnownFileType = sourcecode.c.objc; path = JSCustomCell.m; sourceTree = "<group>"; };
		3D1B9DFE18CB7BC800E89028 /* EmployeeOrg.app */ = {isa = PBXFileReference; explicitFileType = wrapper.application; includeInIndex = 0; path = EmployeeOrg.app; sourceTree = BUILT_PRODUCTS_DIR; };
		3D1B9E0118CB7BC800E89028 /* Foundation.framework */ = {isa = PBXFileReference; lastKnownFileType = wrapper.framework; name = Foundation.framework; path = System/Library/Frameworks/Foundation.framework; sourceTree = SDKROOT; };
		3D1B9E0318CB7BC800E89028 /* CoreGraphics.framework */ = {isa = PBXFileReference; lastKnownFileType = wrapper.framework; name = CoreGraphics.framework; path = System/Library/Frameworks/CoreGraphics.framework; sourceTree = SDKROOT; };
		3D1B9E0518CB7BC800E89028 /* UIKit.framework */ = {isa = PBXFileReference; lastKnownFileType = wrapper.framework; name = UIKit.framework; path = System/Library/Frameworks/UIKit.framework; sourceTree = SDKROOT; };
		3D1B9E0918CB7BC800E89028 /* EmployeeOrg-Info.plist */ = {isa = PBXFileReference; lastKnownFileType = text.plist.xml; path = "EmployeeOrg-Info.plist"; sourceTree = "<group>"; };
		3D1B9E0B18CB7BC800E89028 /* en */ = {isa = PBXFileReference; lastKnownFileType = text.plist.strings; name = en; path = en.lproj/InfoPlist.strings; sourceTree = "<group>"; };
		3D1B9E0D18CB7BC800E89028 /* main.m */ = {isa = PBXFileReference; lastKnownFileType = sourcecode.c.objc; path = main.m; sourceTree = "<group>"; };
		3D1B9E0F18CB7BC800E89028 /* EmployeeOrg-Prefix.pch */ = {isa = PBXFileReference; lastKnownFileType = sourcecode.c.h; path = "EmployeeOrg-Prefix.pch"; sourceTree = "<group>"; };
		3D1B9E1018CB7BC800E89028 /* AppDelegate.h */ = {isa = PBXFileReference; lastKnownFileType = sourcecode.c.h; path = AppDelegate.h; sourceTree = "<group>"; };
		3D1B9E1118CB7BC800E89028 /* AppDelegate.m */ = {isa = PBXFileReference; lastKnownFileType = sourcecode.c.objc; path = AppDelegate.m; sourceTree = "<group>"; };
		3D1B9E1418CB7BC800E89028 /* Base */ = {isa = PBXFileReference; lastKnownFileType = file.storyboard; name = Base; path = Base.lproj/Main.storyboard; sourceTree = "<group>"; };
		3D1B9E1618CB7BC800E89028 /* ViewController.h */ = {isa = PBXFileReference; lastKnownFileType = sourcecode.c.h; path = ViewController.h; sourceTree = "<group>"; };
		3D1B9E1718CB7BC800E89028 /* ViewController.m */ = {isa = PBXFileReference; lastKnownFileType = sourcecode.c.objc; path = ViewController.m; sourceTree = "<group>"; };
		3D1B9E1918CB7BC800E89028 /* Images.xcassets */ = {isa = PBXFileReference; lastKnownFileType = folder.assetcatalog; path = Images.xcassets; sourceTree = "<group>"; };
		3D1B9E1F18CB7BC800E89028 /* EmployeeOrgTests.xctest */ = {isa = PBXFileReference; explicitFileType = wrapper.cfbundle; includeInIndex = 0; path = EmployeeOrgTests.xctest; sourceTree = BUILT_PRODUCTS_DIR; };
		3D1B9E2018CB7BC800E89028 /* XCTest.framework */ = {isa = PBXFileReference; lastKnownFileType = wrapper.framework; name = XCTest.framework; path = Library/Frameworks/XCTest.framework; sourceTree = DEVELOPER_DIR; };
		3D1B9E2818CB7BC800E89028 /* EmployeeOrgTests-Info.plist */ = {isa = PBXFileReference; lastKnownFileType = text.plist.xml; path = "EmployeeOrgTests-Info.plist"; sourceTree = "<group>"; };
		3D1B9E2A18CB7BC800E89028 /* en */ = {isa = PBXFileReference; lastKnownFileType = text.plist.strings; name = en; path = en.lproj/InfoPlist.strings; sourceTree = "<group>"; };
		3D1B9E2C18CB7BC800E89028 /* EmployeeOrgTests.m */ = {isa = PBXFileReference; lastKnownFileType = sourcecode.c.objc; path = EmployeeOrgTests.m; sourceTree = "<group>"; };
		3D1B9E4418CB8D8700E89028 /* SplashScreen.h */ = {isa = PBXFileReference; fileEncoding = 4; lastKnownFileType = sourcecode.c.h; path = SplashScreen.h; sourceTree = "<group>"; };
		3D1B9E4518CB8D8700E89028 /* SplashScreen.m */ = {isa = PBXFileReference; fileEncoding = 4; lastKnownFileType = sourcecode.c.objc; path = SplashScreen.m; sourceTree = "<group>"; };
		3D1B9E4B18CB8DC400E89028 /* HttpRequest.h */ = {isa = PBXFileReference; fileEncoding = 4; lastKnownFileType = sourcecode.c.h; path = HttpRequest.h; sourceTree = "<group>"; };
		3D1B9E4C18CB8DC400E89028 /* HttpRequest.m */ = {isa = PBXFileReference; fileEncoding = 4; lastKnownFileType = sourcecode.c.objc; path = HttpRequest.m; sourceTree = "<group>"; };
		3D1B9E4D18CB8DC400E89028 /* HttpConnectionManager.h */ = {isa = PBXFileReference; fileEncoding = 4; lastKnownFileType = sourcecode.c.h; path = HttpConnectionManager.h; sourceTree = "<group>"; };
		3D1B9E4E18CB8DC400E89028 /* HttpConnectionManager.m */ = {isa = PBXFileReference; fileEncoding = 4; lastKnownFileType = sourcecode.c.objc; path = HttpConnectionManager.m; sourceTree = "<group>"; };
		3D1B9E5118CB8DCF00E89028 /* EmployeeMediator.h */ = {isa = PBXFileReference; fileEncoding = 4; lastKnownFileType = sourcecode.c.h; path = EmployeeMediator.h; sourceTree = "<group>"; };
		3D1B9E5218CB8DCF00E89028 /* EmployeeMediator.m */ = {isa = PBXFileReference; fileEncoding = 4; lastKnownFileType = sourcecode.c.objc; path = EmployeeMediator.m; sourceTree = "<group>"; };
		3D1B9E5418CD3EB800E89028 /* EmployeeList.h */ = {isa = PBXFileReference; fileEncoding = 4; lastKnownFileType = sourcecode.c.h; path = EmployeeList.h; sourceTree = "<group>"; };
		3D1B9E5518CD3EB800E89028 /* EmployeeList.m */ = {isa = PBXFileReference; fileEncoding = 4; lastKnownFileType = sourcecode.c.objc; path = EmployeeList.m; sourceTree = "<group>"; };
		3D1B9E5818CD4B0700E89028 /* Employee.h */ = {isa = PBXFileReference; fileEncoding = 4; lastKnownFileType = sourcecode.c.h; path = Employee.h; sourceTree = "<group>"; };
		3D1B9E5918CD4B0700E89028 /* Employee.m */ = {isa = PBXFileReference; fileEncoding = 4; lastKnownFileType = sourcecode.c.objc; path = Employee.m; sourceTree = "<group>"; };
		3D1B9E5C18D2985A00E89028 /* contact.jpeg */ = {isa = PBXFileReference; lastKnownFileType = image.jpeg; path = contact.jpeg; sourceTree = "<group>"; };
/* End PBXFileReference section */

/* Begin PBXFrameworksBuildPhase section */
		3D1B9DFB18CB7BC800E89028 /* Frameworks */ = {
			isa = PBXFrameworksBuildPhase;
			buildActionMask = 2147483647;
			files = (
				3D1B9E0418CB7BC800E89028 /* CoreGraphics.framework in Frameworks */,
				3D1B9E0618CB7BC800E89028 /* UIKit.framework in Frameworks */,
				3D1B9E0218CB7BC800E89028 /* Foundation.framework in Frameworks */,
			);
			runOnlyForDeploymentPostprocessing = 0;
		};
		3D1B9E1C18CB7BC800E89028 /* Frameworks */ = {
			isa = PBXFrameworksBuildPhase;
			buildActionMask = 2147483647;
			files = (
				3D1B9E2118CB7BC800E89028 /* XCTest.framework in Frameworks */,
				3D1B9E2318CB7BC800E89028 /* UIKit.framework in Frameworks */,
				3D1B9E2218CB7BC800E89028 /* Foundation.framework in Frameworks */,
			);
			runOnlyForDeploymentPostprocessing = 0;
		};
/* End PBXFrameworksBuildPhase section */

/* Begin PBXGroup section */
		3D1B9DF518CB7BC800E89028 = {
			isa = PBXGroup;
			children = (
				3D1B9E0718CB7BC800E89028 /* EmployeeOrg */,
				3D1B9E2618CB7BC800E89028 /* EmployeeOrgTests */,
				3D1B9E0018CB7BC800E89028 /* Frameworks */,
				3D1B9DFF18CB7BC800E89028 /* Products */,
			);
			sourceTree = "<group>";
		};
		3D1B9DFF18CB7BC800E89028 /* Products */ = {
			isa = PBXGroup;
			children = (
				3D1B9DFE18CB7BC800E89028 /* EmployeeOrg.app */,
				3D1B9E1F18CB7BC800E89028 /* EmployeeOrgTests.xctest */,
			);
			name = Products;
			sourceTree = "<group>";
		};
		3D1B9E0018CB7BC800E89028 /* Frameworks */ = {
			isa = PBXGroup;
			children = (
				3D1B9E0118CB7BC800E89028 /* Foundation.framework */,
				3D1B9E0318CB7BC800E89028 /* CoreGraphics.framework */,
				3D1B9E0518CB7BC800E89028 /* UIKit.framework */,
				3D1B9E2018CB7BC800E89028 /* XCTest.framework */,
			);
			name = Frameworks;
			sourceTree = "<group>";
		};
		3D1B9E0718CB7BC800E89028 /* EmployeeOrg */ = {
			isa = PBXGroup;
			children = (
				3D1B9E5B18D2984D00E89028 /* image */,
				3D1B9E5718CD4AE700E89028 /* domain */,
				3D1B9E3818CB7C7C00E89028 /* mediator */,
				3D1B9E3718CB7C7300E89028 /* connection */,
				3D1B9E3618CB7C6C00E89028 /* view */,
				3D1B9E1018CB7BC800E89028 /* AppDelegate.h */,
				3D1B9E1118CB7BC800E89028 /* AppDelegate.m */,
				3D1B9E1318CB7BC800E89028 /* Main.storyboard */,
				3D1B9E1918CB7BC800E89028 /* Images.xcassets */,
				3D1B9E0818CB7BC800E89028 /* Supporting Files */,
			);
			path = EmployeeOrg;
			sourceTree = "<group>";
		};
		3D1B9E0818CB7BC800E89028 /* Supporting Files */ = {
			isa = PBXGroup;
			children = (
				3D1B9E0918CB7BC800E89028 /* EmployeeOrg-Info.plist */,
				3D1B9E0A18CB7BC800E89028 /* InfoPlist.strings */,
				3D1B9E0D18CB7BC800E89028 /* main.m */,
				3D1B9E0F18CB7BC800E89028 /* EmployeeOrg-Prefix.pch */,
			);
			name = "Supporting Files";
			sourceTree = "<group>";
		};
		3D1B9E2618CB7BC800E89028 /* EmployeeOrgTests */ = {
			isa = PBXGroup;
			children = (
				3D1B9E2C18CB7BC800E89028 /* EmployeeOrgTests.m */,
				3D1B9E2718CB7BC800E89028 /* Supporting Files */,
			);
			path = EmployeeOrgTests;
			sourceTree = "<group>";
		};
		3D1B9E2718CB7BC800E89028 /* Supporting Files */ = {
			isa = PBXGroup;
			children = (
				3D1B9E2818CB7BC800E89028 /* EmployeeOrgTests-Info.plist */,
				3D1B9E2918CB7BC800E89028 /* InfoPlist.strings */,
			);
			name = "Supporting Files";
			sourceTree = "<group>";
		};
		3D1B9E3618CB7C6C00E89028 /* view */ = {
			isa = PBXGroup;
			children = (
				3D1B9E4418CB8D8700E89028 /* SplashScreen.h */,
				3D1B9E4518CB8D8700E89028 /* SplashScreen.m */,
				3D1B9E1618CB7BC800E89028 /* ViewController.h */,
				3D1B9E1718CB7BC800E89028 /* ViewController.m */,
				3D1B9E5418CD3EB800E89028 /* EmployeeList.h */,
				3D1B9E5518CD3EB800E89028 /* EmployeeList.m */,
				3D0CC77E1902F5A800261DE4 /* EmployeeDetails.h */,
				3D0CC77F1902F5A800261DE4 /* EmployeeDetails.m */,
				3D0CC7811902F7D000261DE4 /* JSCustomCell.h */,
				3D0CC7821902F7D000261DE4 /* JSCustomCell.m */,
			);
			name = view;
			sourceTree = "<group>";
		};
		3D1B9E3718CB7C7300E89028 /* connection */ = {
			isa = PBXGroup;
			children = (
				3D1B9E4B18CB8DC400E89028 /* HttpRequest.h */,
				3D1B9E4C18CB8DC400E89028 /* HttpRequest.m */,
				3D1B9E4D18CB8DC400E89028 /* HttpConnectionManager.h */,
				3D1B9E4E18CB8DC400E89028 /* HttpConnectionManager.m */,
			);
			name = connection;
			sourceTree = "<group>";
		};
		3D1B9E3818CB7C7C00E89028 /* mediator */ = {
			isa = PBXGroup;
			children = (
				3D1B9E5118CB8DCF00E89028 /* EmployeeMediator.h */,
				3D1B9E5218CB8DCF00E89028 /* EmployeeMediator.m */,
			);
			name = mediator;
			sourceTree = "<group>";
		};
		3D1B9E5718CD4AE700E89028 /* domain */ = {
			isa = PBXGroup;
			children = (
				3D1B9E5818CD4B0700E89028 /* Employee.h */,
				3D1B9E5918CD4B0700E89028 /* Employee.m */,
			);
			name = domain;
			sourceTree = "<group>";
		};
		3D1B9E5B18D2984D00E89028 /* image */ = {
			isa = PBXGroup;
			children = (
				3D1B9E5C18D2985A00E89028 /* contact.jpeg */,
			);
			name = image;
			sourceTree = "<group>";
		};
/* End PBXGroup section */

/* Begin PBXNativeTarget section */
		3D1B9DFD18CB7BC800E89028 /* EmployeeOrg */ = {
			isa = PBXNativeTarget;
			buildConfigurationList = 3D1B9E3018CB7BC800E89028 /* Build configuration list for PBXNativeTarget "EmployeeOrg" */;
			buildPhases = (
				3D1B9DFA18CB7BC800E89028 /* Sources */,
				3D1B9DFB18CB7BC800E89028 /* Frameworks */,
				3D1B9DFC18CB7BC800E89028 /* Resources */,
			);
			buildRules = (
			);
			dependencies = (
			);
			name = EmployeeOrg;
			productName = EmployeeOrg;
			productReference = 3D1B9DFE18CB7BC800E89028 /* EmployeeOrg.app */;
			productType = "com.apple.product-type.application";
		};
		3D1B9E1E18CB7BC800E89028 /* EmployeeOrgTests */ = {
			isa = PBXNativeTarget;
			buildConfigurationList = 3D1B9E3318CB7BC800E89028 /* Build configuration list for PBXNativeTarget "EmployeeOrgTests" */;
			buildPhases = (
				3D1B9E1B18CB7BC800E89028 /* Sources */,
				3D1B9E1C18CB7BC800E89028 /* Frameworks */,
				3D1B9E1D18CB7BC800E89028 /* Resources */,
			);
			buildRules = (
			);
			dependencies = (
				3D1B9E2518CB7BC800E89028 /* PBXTargetDependency */,
			);
			name = EmployeeOrgTests;
			productName = EmployeeOrgTests;
			productReference = 3D1B9E1F18CB7BC800E89028 /* EmployeeOrgTests.xctest */;
			productType = "com.apple.product-type.bundle.unit-test";
		};
/* End PBXNativeTarget section */

/* Begin PBXProject section */
		3D1B9DF618CB7BC800E89028 /* Project object */ = {
			isa = PBXProject;
			attributes = {
				LastUpgradeCheck = 0500;
				ORGANIZATIONNAME = "NIrmal Thakur";
				TargetAttributes = {
					3D1B9E1E18CB7BC800E89028 = {
						TestTargetID = 3D1B9DFD18CB7BC800E89028;
					};
				};
			};
			buildConfigurationList = 3D1B9DF918CB7BC800E89028 /* Build configuration list for PBXProject "EmployeeOrg" */;
			compatibilityVersion = "Xcode 3.2";
			developmentRegion = English;
			hasScannedForEncodings = 0;
			knownRegions = (
				en,
				Base,
			);
			mainGroup = 3D1B9DF518CB7BC800E89028;
			productRefGroup = 3D1B9DFF18CB7BC800E89028 /* Products */;
			projectDirPath = "";
			projectRoot = "";
			targets = (
				3D1B9DFD18CB7BC800E89028 /* EmployeeOrg */,
				3D1B9E1E18CB7BC800E89028 /* EmployeeOrgTests */,
			);
		};
/* End PBXProject section */

/* Begin PBXResourcesBuildPhase section */
		3D1B9DFC18CB7BC800E89028 /* Resources */ = {
			isa = PBXResourcesBuildPhase;
			buildActionMask = 2147483647;
			files = (
				3D1B9E5D18D2985A00E89028 /* contact.jpeg in Resources */,
				3D1B9E1A18CB7BC800E89028 /* Images.xcassets in Resources */,
				3D1B9E0C18CB7BC800E89028 /* InfoPlist.strings in Resources */,
				3D1B9E1518CB7BC800E89028 /* Main.storyboard in Resources */,
			);
			runOnlyForDeploymentPostprocessing = 0;
		};
		3D1B9E1D18CB7BC800E89028 /* Resources */ = {
			isa = PBXResourcesBuildPhase;
			buildActionMask = 2147483647;
			files = (
				3D1B9E2B18CB7BC800E89028 /* InfoPlist.strings in Resources */,
			);
			runOnlyForDeploymentPostprocessing = 0;
		};
/* End PBXResourcesBuildPhase section */

/* Begin PBXSourcesBuildPhase section */
		3D1B9DFA18CB7BC800E89028 /* Sources */ = {
			isa = PBXSourcesBuildPhase;
			buildActionMask = 2147483647;
			files = (
				3D1B9E1818CB7BC800E89028 /* ViewController.m in Sources */,
				3D1B9E1218CB7BC800E89028 /* AppDelegate.m in Sources */,
				3D0CC7801902F5A800261DE4 /* EmployeeDetails.m in Sources */,
				3D1B9E0E18CB7BC800E89028 /* main.m in Sources */,
				3D1B9E4F18CB8DC400E89028 /* HttpRequest.m in Sources */,
				3D1B9E5318CB8DCF00E89028 /* EmployeeMediator.m in Sources */,
				3D1B9E5618CD3EB800E89028 /* EmployeeList.m in Sources */,
				3D1B9E5A18CD4B0700E89028 /* Employee.m in Sources */,
				3D0CC7831902F7D000261DE4 /* JSCustomCell.m in Sources */,
				3D1B9E5018CB8DC400E89028 /* HttpConnectionManager.m in Sources */,
				3D1B9E4918CB8D8700E89028 /* SplashScreen.m in Sources */,
			);
			runOnlyForDeploymentPostprocessing = 0;
		};
		3D1B9E1B18CB7BC800E89028 /* Sources */ = {
			isa = PBXSourcesBuildPhase;
			buildActionMask = 2147483647;
			files = (
				3D1B9E2D18CB7BC800E89028 /* EmployeeOrgTests.m in Sources */,
			);
			runOnlyForDeploymentPostprocessing = 0;
		};
/* End PBXSourcesBuildPhase section */

/* Begin PBXTargetDependency section */
		3D1B9E2518CB7BC800E89028 /* PBXTargetDependency */ = {
			isa = PBXTargetDependency;
			target = 3D1B9DFD18CB7BC800E89028 /* EmployeeOrg */;
			targetProxy = 3D1B9E2418CB7BC800E89028 /* PBXContainerItemProxy */;
		};
/* End PBXTargetDependency section */

/* Begin PBXVariantGroup section */
		3D1B9E0A18CB7BC800E89028 /* InfoPlist.strings */ = {
			isa = PBXVariantGroup;
			children = (
				3D1B9E0B18CB7BC800E89028 /* en */,
			);
			name = InfoPlist.strings;
			sourceTree = "<group>";
		};
		3D1B9E1318CB7BC800E89028 /* Main.storyboard */ = {
			isa = PBXVariantGroup;
			children = (
				3D1B9E1418CB7BC800E89028 /* Base */,
			);
			name = Main.storyboard;
			sourceTree = "<group>";
		};
		3D1B9E2918CB7BC800E89028 /* InfoPlist.strings */ = {
			isa = PBXVariantGroup;
			children = (
				3D1B9E2A18CB7BC800E89028 /* en */,
			);
			name = InfoPlist.strings;
			sourceTree = "<group>";
		};
/* End PBXVariantGroup section */

/* Begin XCBuildConfiguration section */
		3D1B9E2E18CB7BC800E89028 /* Debug */ = {
			isa = XCBuildConfiguration;
			buildSettings = {
				ALWAYS_SEARCH_USER_PATHS = NO;
				ARCHS = "$(ARCHS_STANDARD_INCLUDING_64_BIT)";
				CLANG_CXX_LANGUAGE_STANDARD = "gnu++0x";
				CLANG_CXX_LIBRARY = "libc++";
				CLANG_ENABLE_MODULES = YES;
				CLANG_ENABLE_OBJC_ARC = YES;
				CLANG_WARN_BOOL_CONVERSION = YES;
				CLANG_WARN_CONSTANT_CONVERSION = YES;
				CLANG_WARN_DIRECT_OBJC_ISA_USAGE = YES_ERROR;
				CLANG_WARN_EMPTY_BODY = YES;
				CLANG_WARN_ENUM_CONVERSION = YES;
				CLANG_WARN_INT_CONVERSION = YES;
				CLANG_WARN_OBJC_ROOT_CLASS = YES_ERROR;
				CLANG_WARN__DUPLICATE_METHOD_MATCH = YES;
				"CODE_SIGN_IDENTITY[sdk=iphoneos*]" = "iPhone Developer";
				COPY_PHASE_STRIP = NO;
				GCC_C_LANGUAGE_STANDARD = gnu99;
				GCC_DYNAMIC_NO_PIC = NO;
				GCC_OPTIMIZATION_LEVEL = 0;
				GCC_PREPROCESSOR_DEFINITIONS = (
					"DEBUG=1",
					"$(inherited)",
				);
				GCC_SYMBOLS_PRIVATE_EXTERN = NO;
				GCC_WARN_64_TO_32_BIT_CONVERSION = YES;
				GCC_WARN_ABOUT_RETURN_TYPE = YES_ERROR;
				GCC_WARN_UNDECLARED_SELECTOR = YES;
				GCC_WARN_UNINITIALIZED_AUTOS = YES;
				GCC_WARN_UNUSED_FUNCTION = YES;
				GCC_WARN_UNUSED_VARIABLE = YES;
				IPHONEOS_DEPLOYMENT_TARGET = 7.0;
				ONLY_ACTIVE_ARCH = YES;
				SDKROOT = iphoneos;
			};
			name = Debug;
		};
		3D1B9E2F18CB7BC800E89028 /* Release */ = {
			isa = XCBuildConfiguration;
			buildSettings = {
				ALWAYS_SEARCH_USER_PATHS = NO;
				ARCHS = "$(ARCHS_STANDARD_INCLUDING_64_BIT)";
				CLANG_CXX_LANGUAGE_STANDARD = "gnu++0x";
				CLANG_CXX_LIBRARY = "libc++";
				CLANG_ENABLE_MODULES = YES;
				CLANG_ENABLE_OBJC_ARC = YES;
				CLANG_WARN_BOOL_CONVERSION = YES;
				CLANG_WARN_CONSTANT_CONVERSION = YES;
				CLANG_WARN_DIRECT_OBJC_ISA_USAGE = YES_ERROR;
				CLANG_WARN_EMPTY_BODY = YES;
				CLANG_WARN_ENUM_CONVERSION = YES;
				CLANG_WARN_INT_CONVERSION = YES;
				CLANG_WARN_OBJC_ROOT_CLASS = YES_ERROR;
				CLANG_WARN__DUPLICATE_METHOD_MATCH = YES;
				"CODE_SIGN_IDENTITY[sdk=iphoneos*]" = "iPhone Developer";
				COPY_PHASE_STRIP = YES;
				ENABLE_NS_ASSERTIONS = NO;
				GCC_C_LANGUAGE_STANDARD = gnu99;
				GCC_WARN_64_TO_32_BIT_CONVERSION = YES;
				GCC_WARN_ABOUT_RETURN_TYPE = YES_ERROR;
				GCC_WARN_UNDECLARED_SELECTOR = YES;
				GCC_WARN_UNINITIALIZED_AUTOS = YES;
				GCC_WARN_UNUSED_FUNCTION = YES;
				GCC_WARN_UNUSED_VARIABLE = YES;
				IPHONEOS_DEPLOYMENT_TARGET = 7.0;
				SDKROOT = iphoneos;
				VALIDATE_PRODUCT = YES;
			};
			name = Release;
		};
		3D1B9E3118CB7BC800E89028 /* Debug */ = {
			isa = XCBuildConfiguration;
			buildSettings = {
				ASSETCATALOG_COMPILER_APPICON_NAME = AppIcon;
				ASSETCATALOG_COMPILER_LAUNCHIMAGE_NAME = LaunchImage;
				GCC_PRECOMPILE_PREFIX_HEADER = YES;
				GCC_PREFIX_HEADER = "EmployeeOrg/EmployeeOrg-Prefix.pch";
				INFOPLIST_FILE = "EmployeeOrg/EmployeeOrg-Info.plist";
				PRODUCT_NAME = "$(TARGET_NAME)";
				WRAPPER_EXTENSION = app;
			};
			name = Debug;
		};
		3D1B9E3218CB7BC800E89028 /* Release */ = {
			isa = XCBuildConfiguration;
			buildSettings = {
				ASSETCATALOG_COMPILER_APPICON_NAME = AppIcon;
				ASSETCATALOG_COMPILER_LAUNCHIMAGE_NAME = LaunchImage;
				GCC_PRECOMPILE_PREFIX_HEADER = YES;
				GCC_PREFIX_HEADER = "EmployeeOrg/EmployeeOrg-Prefix.pch";
				INFOPLIST_FILE = "EmployeeOrg/EmployeeOrg-Info.plist";
				PRODUCT_NAME = "$(TARGET_NAME)";
				WRAPPER_EXTENSION = app;
			};
			name = Release;
		};
		3D1B9E3418CB7BC800E89028 /* Debug */ = {
			isa = XCBuildConfiguration;
			buildSettings = {
				ARCHS = "$(ARCHS_STANDARD_INCLUDING_64_BIT)";
				BUNDLE_LOADER = "$(BUILT_PRODUCTS_DIR)/EmployeeOrg.app/EmployeeOrg";
				FRAMEWORK_SEARCH_PATHS = (
					"$(SDKROOT)/Developer/Library/Frameworks",
					"$(inherited)",
					"$(DEVELOPER_FRAMEWORKS_DIR)",
				);
				GCC_PRECOMPILE_PREFIX_HEADER = YES;
				GCC_PREFIX_HEADER = "EmployeeOrg/EmployeeOrg-Prefix.pch";
				GCC_PREPROCESSOR_DEFINITIONS = (
					"DEBUG=1",
					"$(inherited)",
				);
				INFOPLIST_FILE = "EmployeeOrgTests/EmployeeOrgTests-Info.plist";
				PRODUCT_NAME = "$(TARGET_NAME)";
				TEST_HOST = "$(BUNDLE_LOADER)";
				WRAPPER_EXTENSION = xctest;
			};
			name = Debug;
		};
		3D1B9E3518CB7BC800E89028 /* Release */ = {
			isa = XCBuildConfiguration;
			buildSettings = {
				ARCHS = "$(ARCHS_STANDARD_INCLUDING_64_BIT)";
				BUNDLE_LOADER = "$(BUILT_PRODUCTS_DIR)/EmployeeOrg.app/EmployeeOrg";
				FRAMEWORK_SEARCH_PATHS = (
					"$(SDKROOT)/Developer/Library/Frameworks",
					"$(inherited)",
					"$(DEVELOPER_FRAMEWORKS_DIR)",
				);
				GCC_PRECOMPILE_PREFIX_HEADER = YES;
				GCC_PREFIX_HEADER = "EmployeeOrg/EmployeeOrg-Prefix.pch";
				INFOPLIST_FILE = "EmployeeOrgTests/EmployeeOrgTests-Info.plist";
				PRODUCT_NAME = "$(TARGET_NAME)";
				TEST_HOST = "$(BUNDLE_LOADER)";
				WRAPPER_EXTENSION = xctest;
			};
			name = Release;
		};
/* End XCBuildConfiguration section */

/* Begin XCConfigurationList section */
		3D1B9DF918CB7BC800E89028 /* Build configuration list for PBXProject "EmployeeOrg" */ = {
			isa = XCConfigurationList;
			buildConfigurations = (
				3D1B9E2E18CB7BC800E89028 /* Debug */,
				3D1B9E2F18CB7BC800E89028 /* Release */,
			);
			defaultConfigurationIsVisible = 0;
			defaultConfigurationName = Release;
		};
		3D1B9E3018CB7BC800E89028 /* Build configuration list for PBXNativeTarget "EmployeeOrg" */ = {
			isa = XCConfigurationList;
			buildConfigurations = (
				3D1B9E3118CB7BC800E89028 /* Debug */,
				3D1B9E3218CB7BC800E89028 /* Release */,
			);
			defaultConfigurationIsVisible = 0;
			defaultConfigurationName = Release;
		};
		3D1B9E3318CB7BC800E89028 /* Build configuration list for PBXNativeTarget "EmployeeOrgTests" */ = {
			isa = XCConfigurationList;
			buildConfigurations = (
				3D1B9E3418CB7BC800E89028 /* Debug */,
				3D1B9E3518CB7BC800E89028 /* Release */,
			);
			defaultConfigurationIsVisible = 0;
			defaultConfigurationName = Release;
		};
/* End XCConfigurationList section */
	};
	rootObject = 3D1B9DF618CB7BC800E89028 /* Project object */;
}
